
Microsoft Visual Studio Solution File, Format Version 12.00
# Visual Studio 14
VisualStudioVersion = 14.0.25420.1
MinimumVisualStudioVersion = 10.0.40219.1
Project("{FAE04EC0-301F-11D3-BF4B-00C04F79EFBC}") = "SecruityAlarmSystem", "SecruityAlarmSystem\SecruityAlarmSystem.csproj", "{FA642150-727B-4014-907B-E87D34F04DBA}"
EndProject
Project("{FAE04EC0-301F-11D3-BF4B-00C04F79EFBC}") = "Calculations", "Calculations\Calculations.csproj", "{AD8F4007-AD24-41A6-8993-757340F7C37E}"
EndProject
Project("{FAE04EC0-301F-11D3-BF4B-00C04F79EFBC}") = "DataAccessQueries", "DataAccessQueries\DataAccessQueries.csproj", "{F2260015-9D7C-4328-B90F-79D1449C9188}"
EndProject
Project("{FAE04EC0-301F-11D3-BF4B-00C04F79EFBC}") = "DataAccessCore", "DataAccessCore\DataAccessCore.csproj", "{764DBAF8-97FC-4F5D-B080-841231EF9A14}"
EndProject
Project("{FAE04EC0-301F-11D3-BF4B-00C04F79EFBC}") = "SecuritConsoleReceiver", "SecuritConsoleReceiver\SecuritConsoleReceiver.csproj", "{E7D22051-8BBC-4285-808E-2E9CE1D36AA4}"
EndProject
Project("{FAE04EC0-301F-11D3-BF4B-00C04F79EFBC}") = "SecuritConsoleAtHomes", "SecuritConsoleAtHomes\SecuritConsoleAtHomes.csproj", "{E1B27B4F-FCC0-4B88-9318-A6CDE458E647}"
EndProject
Project("{FAE04EC0-301F-11D3-BF4B-00C04F79EFBC}") = "SecuritConsoleAtHomesConsoleApp", "SecuritConsoleAtHomesConsoleApp\SecuritConsoleAtHomesConsoleApp.csproj", "{271F5BF8-CEBD-4AB9-8105-5632B16DF45D}"
EndProject
Project("{FAE04EC0-301F-11D3-BF4B-00C04F79EFBC}") = "UnitTest", "UnitTest\UnitTest.csproj", "{B0AD2193-A3A6-4B3F-A924-2313FF0CC925}"
EndProject
Project("{FAE04EC0-301F-11D3-BF4B-00C04F79EFBC}") = "Models", "Models\Models.csproj", "{4896E940-1B66-49D3-BBF3-9CB2EF6EB651}"
EndProject
Global
	GlobalSection(SolutionConfigurationPlatforms) = preSolution
		Debug|Any CPU = Debug|Any CPU
		Debug|ARM = Debug|ARM
		Debug|x64 = Debug|x64
		Debug|x86 = Debug|x86
		Release|Any CPU = Release|Any CPU
		Release|ARM = Release|ARM
		Release|x64 = Release|x64
		Release|x86 = Release|x86
	EndGlobalSection
	GlobalSection(ProjectConfigurationPlatforms) = postSolution
		{FA642150-727B-4014-907B-E87D34F04DBA}.Debug|Any CPU.ActiveCfg = Debug|Any CPU
		{FA642150-727B-4014-907B-E87D34F04DBA}.Debug|Any CPU.Build.0 = Debug|Any CPU
		{FA642150-727B-4014-907B-E87D34F04DBA}.Debug|ARM.ActiveCfg = Debug|Any CPU
		{FA642150-727B-4014-907B-E87D34F04DBA}.Debug|ARM.Build.0 = Debug|Any CPU
		{FA642150-727B-4014-907B-E87D34F04DBA}.Debug|x64.ActiveCfg = Debug|Any CPU
		{FA642150-727B-4014-907B-E87D34F04DBA}.Debug|x64.Build.0 = Debug|Any CPU
		{FA642150-727B-4014-907B-E87D34F04DBA}.Debug|x86.ActiveCfg = Debug|Any CPU
		{FA642150-727B-4014-907B-E87D34F04DBA}.Debug|x86.Build.0 = Debug|Any CPU
		{FA642150-727B-4014-907B-E87D34F04DBA}.Release|Any CPU.ActiveCfg = Release|Any CPU
		{FA642150-727B-4014-907B-E87D34F04DBA}.Release|Any CPU.Build.0 = Release|Any CPU
		{FA642150-727B-4014-907B-E87D34F04DBA}.Release|ARM.ActiveCfg = Release|Any CPU
		{FA642150-727B-4014-907B-E87D34F04DBA}.Release|ARM.Build.0 = Release|Any CPU
		{FA642150-727B-4014-907B-E87D34F04DBA}.Release|x64.ActiveCfg = Release|Any CPU
		{FA642150-727B-4014-907B-E87D34F04DBA}.Release|x64.Build.0 = Release|Any CPU
		{FA642150-727B-4014-907B-E87D34F04DBA}.Release|x86.ActiveCfg = Release|Any CPU
		{FA642150-727B-4014-907B-E87D34F04DBA}.Release|x86.Build.0 = Release|Any CPU
		{AD8F4007-AD24-41A6-8993-757340F7C37E}.Debug|Any CPU.ActiveCfg = Debug|Any CPU
		{AD8F4007-AD24-41A6-8993-757340F7C37E}.Debug|Any CPU.Build.0 = Debug|Any CPU
		{AD8F4007-AD24-41A6-8993-757340F7C37E}.Debug|ARM.ActiveCfg = Debug|Any CPU
		{AD8F4007-AD24-41A6-8993-757340F7C37E}.Debug|ARM.Build.0 = Debug|Any CPU
		{AD8F4007-AD24-41A6-8993-757340F7C37E}.Debug|x64.ActiveCfg = Debug|Any CPU
		{AD8F4007-AD24-41A6-8993-757340F7C37E}.Debug|x64.Build.0 = Debug|Any CPU
		{AD8F4007-AD24-41A6-8993-757340F7C37E}.Debug|x86.ActiveCfg = Debug|Any CPU
		{AD8F4007-AD24-41A6-8993-757340F7C37E}.Debug|x86.Build.0 = Debug|Any CPU
		{AD8F4007-AD24-41A6-8993-757340F7C37E}.Release|Any CPU.ActiveCfg = Release|Any CPU
		{AD8F4007-AD24-41A6-8993-757340F7C37E}.Release|Any CPU.Build.0 = Release|Any CPU
		{AD8F4007-AD24-41A6-8993-757340F7C37E}.Release|ARM.ActiveCfg = Release|Any CPU
		{AD8F4007-AD24-41A6-8993-757340F7C37E}.Release|ARM.Build.0 = Release|Any CPU
		{AD8F4007-AD24-41A6-8993-757340F7C37E}.Release|x64.ActiveCfg = Release|Any CPU
		{AD8F4007-AD24-41A6-8993-757340F7C37E}.Release|x64.Build.0 = Release|Any CPU
		{AD8F4007-AD24-41A6-8993-757340F7C37E}.Release|x86.ActiveCfg = Release|Any CPU
		{AD8F4007-AD24-41A6-8993-757340F7C37E}.Release|x86.Build.0 = Release|Any CPU
		{F2260015-9D7C-4328-B90F-79D1449C9188}.Debug|Any CPU.ActiveCfg = Debug|Any CPU
		{F2260015-9D7C-4328-B90F-79D1449C9188}.Debug|Any CPU.Build.0 = Debug|Any CPU
		{F2260015-9D7C-4328-B90F-79D1449C9188}.Debug|ARM.ActiveCfg = Debug|Any CPU
		{F2260015-9D7C-4328-B90F-79D1449C9188}.Debug|ARM.Build.0 = Debug|Any CPU
		{F2260015-9D7C-4328-B90F-79D1449C9188}.Debug|x64.ActiveCfg = Debug|Any CPU
		{F2260015-9D7C-4328-B90F-79D1449C9188}.Debug|x64.Build.0 = Debug|Any CPU
		{F2260015-9D7C-4328-B90F-79D1449C9188}.Debug|x86.ActiveCfg = Debug|Any CPU
		{F2260015-9D7C-4328-B90F-79D1449C9188}.Debug|x86.Build.0 = Debug|Any CPU
		{F2260015-9D7C-4328-B90F-79D1449C9188}.Release|Any CPU.ActiveCfg = Release|Any CPU
		{F2260015-9D7C-4328-B90F-79D1449C9188}.Release|Any CPU.Build.0 = Release|Any CPU
		{F2260015-9D7C-4328-B90F-79D1449C9188}.Release|ARM.ActiveCfg = Release|Any CPU
		{F2260015-9D7C-4328-B90F-79D1449C9188}.Release|ARM.Build.0 = Release|Any CPU
		{F2260015-9D7C-4328-B90F-79D1449C9188}.Release|x64.ActiveCfg = Release|Any CPU
		{F2260015-9D7C-4328-B90F-79D1449C9188}.Release|x64.Build.0 = Release|Any CPU
		{F2260015-9D7C-4328-B90F-79D1449C9188}.Release|x86.ActiveCfg = Release|Any CPU
		{F2260015-9D7C-4328-B90F-79D1449C9188}.Release|x86.Build.0 = Release|Any CPU
		{764DBAF8-97FC-4F5D-B080-841231EF9A14}.Debug|Any CPU.ActiveCfg = Debug|Any CPU
		{764DBAF8-97FC-4F5D-B080-841231EF9A14}.Debug|Any CPU.Build.0 = Debug|Any CPU
		{764DBAF8-97FC-4F5D-B080-841231EF9A14}.Debug|ARM.ActiveCfg = Debug|Any CPU
		{764DBAF8-97FC-4F5D-B080-841231EF9A14}.Debug|ARM.Build.0 = Debug|Any CPU
		{764DBAF8-97FC-4F5D-B080-841231EF9A14}.Debug|x64.ActiveCfg = Debug|Any CPU
		{764DBAF8-97FC-4F5D-B080-841231EF9A14}.Debug|x64.Build.0 = Debug|Any CPU
		{764DBAF8-97FC-4F5D-B080-841231EF9A14}.Debug|x86.ActiveCfg = Debug|Any CPU
		{764DBAF8-97FC-4F5D-B080-841231EF9A14}.Debug|x86.Build.0 = Debug|Any CPU
		{764DBAF8-97FC-4F5D-B080-841231EF9A14}.Release|Any CPU.ActiveCfg = Release|Any CPU
		{764DBAF8-97FC-4F5D-B080-841231EF9A14}.Release|Any CPU.Build.0 = Release|Any CPU
		{764DBAF8-97FC-4F5D-B080-841231EF9A14}.Release|ARM.ActiveCfg = Release|Any CPU
		{764DBAF8-97FC-4F5D-B080-841231EF9A14}.Release|ARM.Build.0 = Release|Any CPU
		{764DBAF8-97FC-4F5D-B080-841231EF9A14}.Release|x64.ActiveCfg = Release|Any CPU
		{764DBAF8-97FC-4F5D-B080-841231EF9A14}.Release|x64.Build.0 = Release|Any CPU
		{764DBAF8-97FC-4F5D-B080-841231EF9A14}.Release|x86.ActiveCfg = Release|Any CPU
		{764DBAF8-97FC-4F5D-B080-841231EF9A14}.Release|x86.Build.0 = Release|Any CPU
		{E7D22051-8BBC-4285-808E-2E9CE1D36AA4}.Debug|Any CPU.ActiveCfg = Debug|Any CPU
		{E7D22051-8BBC-4285-808E-2E9CE1D36AA4}.Debug|Any CPU.Build.0 = Debug|Any CPU
		{E7D22051-8BBC-4285-808E-2E9CE1D36AA4}.Debug|ARM.ActiveCfg = Debug|Any CPU
		{E7D22051-8BBC-4285-808E-2E9CE1D36AA4}.Debug|ARM.Build.0 = Debug|Any CPU
		{E7D22051-8BBC-4285-808E-2E9CE1D36AA4}.Debug|x64.ActiveCfg = Debug|Any CPU
		{E7D22051-8BBC-4285-808E-2E9CE1D36AA4}.Debug|x64.Build.0 = Debug|Any CPU
		{E7D22051-8BBC-4285-808E-2E9CE1D36AA4}.Debug|x86.ActiveCfg = Debug|Any CPU
		{E7D22051-8BBC-4285-808E-2E9CE1D36AA4}.Debug|x86.Build.0 = Debug|Any CPU
		{E7D22051-8BBC-4285-808E-2E9CE1D36AA4}.Release|Any CPU.ActiveCfg = Release|Any CPU
		{E7D22051-8BBC-4285-808E-2E9CE1D36AA4}.Release|Any CPU.Build.0 = Release|Any CPU
		{E7D22051-8BBC-4285-808E-2E9CE1D36AA4}.Release|ARM.ActiveCfg = Release|Any CPU
		{E7D22051-8BBC-4285-808E-2E9CE1D36AA4}.Release|ARM.Build.0 = Release|Any CPU
		{E7D22051-8BBC-4285-808E-2E9CE1D36AA4}.Release|x64.ActiveCfg = Release|Any CPU
		{E7D22051-8BBC-4285-808E-2E9CE1D36AA4}.Release|x64.Build.0 = Release|Any CPU
		{E7D22051-8BBC-4285-808E-2E9CE1D36AA4}.Release|x86.ActiveCfg = Release|Any CPU
		{E7D22051-8BBC-4285-808E-2E9CE1D36AA4}.Release|x86.Build.0 = Release|Any CPU
		{E1B27B4F-FCC0-4B88-9318-A6CDE458E647}.Debug|Any CPU.ActiveCfg = Debug|Any CPU
		{E1B27B4F-FCC0-4B88-9318-A6CDE458E647}.Debug|Any CPU.Build.0 = Debug|Any CPU
		{E1B27B4F-FCC0-4B88-9318-A6CDE458E647}.Debug|ARM.ActiveCfg = Debug|Any CPU
		{E1B27B4F-FCC0-4B88-9318-A6CDE458E647}.Debug|ARM.Build.0 = Debug|Any CPU
		{E1B27B4F-FCC0-4B88-9318-A6CDE458E647}.Debug|x64.ActiveCfg = Debug|Any CPU
		{E1B27B4F-FCC0-4B88-9318-A6CDE458E647}.Debug|x64.Build.0 = Debug|Any CPU
		{E1B27B4F-FCC0-4B88-9318-A6CDE458E647}.Debug|x86.ActiveCfg = Debug|Any CPU
		{E1B27B4F-FCC0-4B88-9318-A6CDE458E647}.Debug|x86.Build.0 = Debug|Any CPU
		{E1B27B4F-FCC0-4B88-9318-A6CDE458E647}.Release|Any CPU.ActiveCfg = Release|Any CPU
		{E1B27B4F-FCC0-4B88-9318-A6CDE458E647}.Release|Any CPU.Build.0 = Release|Any CPU
		{E1B27B4F-FCC0-4B88-9318-A6CDE458E647}.Release|ARM.ActiveCfg = Release|Any CPU
		{E1B27B4F-FCC0-4B88-9318-A6CDE458E647}.Release|ARM.Build.0 = Release|Any CPU
		{E1B27B4F-FCC0-4B88-9318-A6CDE458E647}.Release|x64.ActiveCfg = Release|Any CPU
		{E1B27B4F-FCC0-4B88-9318-A6CDE458E647}.Release|x64.Build.0 = Release|Any CPU
		{E1B27B4F-FCC0-4B88-9318-A6CDE458E647}.Release|x86.ActiveCfg = Release|Any CPU
		{E1B27B4F-FCC0-4B88-9318-A6CDE458E647}.Release|x86.Build.0 = Release|Any CPU
		{271F5BF8-CEBD-4AB9-8105-5632B16DF45D}.Debug|Any CPU.ActiveCfg = Debug|Any CPU
		{271F5BF8-CEBD-4AB9-8105-5632B16DF45D}.Debug|Any CPU.Build.0 = Debug|Any CPU
		{271F5BF8-CEBD-4AB9-8105-5632B16DF45D}.Debug|ARM.ActiveCfg = Debug|Any CPU
		{271F5BF8-CEBD-4AB9-8105-5632B16DF45D}.Debug|ARM.Build.0 = Debug|Any CPU
		{271F5BF8-CEBD-4AB9-8105-5632B16DF45D}.Debug|x64.ActiveCfg = Debug|Any CPU
		{271F5BF8-CEBD-4AB9-8105-5632B16DF45D}.Debug|x64.Build.0 = Debug|Any CPU
		{271F5BF8-CEBD-4AB9-8105-5632B16DF45D}.Debug|x86.ActiveCfg = Debug|Any CPU
		{271F5BF8-CEBD-4AB9-8105-5632B16DF45D}.Debug|x86.Build.0 = Debug|Any CPU
		{271F5BF8-CEBD-4AB9-8105-5632B16DF45D}.Release|Any CPU.ActiveCfg = Release|Any CPU
		{271F5BF8-CEBD-4AB9-8105-5632B16DF45D}.Release|Any CPU.Build.0 = Release|Any CPU
		{271F5BF8-CEBD-4AB9-8105-5632B16DF45D}.Release|ARM.ActiveCfg = Release|Any CPU
		{271F5BF8-CEBD-4AB9-8105-5632B16DF45D}.Release|ARM.Build.0 = Release|Any CPU
		{271F5BF8-CEBD-4AB9-8105-5632B16DF45D}.Release|x64.ActiveCfg = Release|Any CPU
		{271F5BF8-CEBD-4AB9-8105-5632B16DF45D}.Release|x64.Build.0 = Release|Any CPU
		{271F5BF8-CEBD-4AB9-8105-5632B16DF45D}.Release|x86.ActiveCfg = Release|Any CPU
		{271F5BF8-CEBD-4AB9-8105-5632B16DF45D}.Release|x86.Build.0 = Release|Any CPU
		{B0AD2193-A3A6-4B3F-A924-2313FF0CC925}.Debug|Any CPU.ActiveCfg = Debug|Any CPU
		{B0AD2193-A3A6-4B3F-A924-2313FF0CC925}.Debug|Any CPU.Build.0 = Debug|Any CPU
		{B0AD2193-A3A6-4B3F-A924-2313FF0CC925}.Debug|ARM.ActiveCfg = Debug|Any CPU
		{B0AD2193-A3A6-4B3F-A924-2313FF0CC925}.Debug|ARM.Build.0 = Debug|Any CPU
		{B0AD2193-A3A6-4B3F-A924-2313FF0CC925}.Debug|x64.ActiveCfg = Debug|Any CPU
		{B0AD2193-A3A6-4B3F-A924-2313FF0CC925}.Debug|x64.Build.0 = Debug|Any CPU
		{B0AD2193-A3A6-4B3F-A924-2313FF0CC925}.Debug|x86.ActiveCfg = Debug|Any CPU
		{B0AD2193-A3A6-4B3F-A924-2313FF0CC925}.Debug|x86.Build.0 = Debug|Any CPU
		{B0AD2193-A3A6-4B3F-A924-2313FF0CC925}.Release|Any CPU.ActiveCfg = Release|Any CPU
		{B0AD2193-A3A6-4B3F-A924-2313FF0CC925}.Release|Any CPU.Build.0 = Release|Any CPU
		{B0AD2193-A3A6-4B3F-A924-2313FF0CC925}.Release|ARM.ActiveCfg = Release|Any CPU
		{B0AD2193-A3A6-4B3F-A924-2313FF0CC925}.Release|ARM.Build.0 = Release|Any CPU
		{B0AD2193-A3A6-4B3F-A924-2313FF0CC925}.Release|x64.ActiveCfg = Release|Any CPU
		{B0AD2193-A3A6-4B3F-A924-2313FF0CC925}.Release|x64.Build.0 = Release|Any CPU
		{B0AD2193-A3A6-4B3F-A924-2313FF0CC925}.Release|x86.ActiveCfg = Release|Any CPU
		{B0AD2193-A3A6-4B3F-A924-2313FF0CC925}.Release|x86.Build.0 = Release|Any CPU
		{4896E940-1B66-49D3-BBF3-9CB2EF6EB651}.Debug|Any CPU.ActiveCfg = Debug|Any CPU
		{4896E940-1B66-49D3-BBF3-9CB2EF6EB651}.Debug|Any CPU.Build.0 = Debug|Any CPU
		{4896E940-1B66-49D3-BBF3-9CB2EF6EB651}.Debug|ARM.ActiveCfg = Debug|Any CPU
		{4896E940-1B66-49D3-BBF3-9CB2EF6EB651}.Debug|ARM.Build.0 = Debug|Any CPU
		{4896E940-1B66-49D3-BBF3-9CB2EF6EB651}.Debug|x64.ActiveCfg = Debug|Any CPU
		{4896E940-1B66-49D3-BBF3-9CB2EF6EB651}.Debug|x64.Build.0 = Debug|Any CPU
		{4896E940-1B66-49D3-BBF3-9CB2EF6EB651}.Debug|x86.ActiveCfg = Debug|Any CPU
		{4896E940-1B66-49D3-BBF3-9CB2EF6EB651}.Debug|x86.Build.0 = Debug|Any CPU
		{4896E940-1B66-49D3-BBF3-9CB2EF6EB651}.Release|Any CPU.ActiveCfg = Release|Any CPU
		{4896E940-1B66-49D3-BBF3-9CB2EF6EB651}.Release|Any CPU.Build.0 = Release|Any CPU
		{4896E940-1B66-49D3-BBF3-9CB2EF6EB651}.Release|ARM.ActiveCfg = Release|Any CPU
		{4896E940-1B66-49D3-BBF3-9CB2EF6EB651}.Release|ARM.Build.0 = Release|Any CPU
		{4896E940-1B66-49D3-BBF3-9CB2EF6EB651}.Release|x64.ActiveCfg = Release|Any CPU
		{4896E940-1B66-49D3-BBF3-9CB2EF6EB651}.Release|x64.Build.0 = Release|Any CPU
		{4896E940-1B66-49D3-BBF3-9CB2EF6EB651}.Release|x86.ActiveCfg = Release|Any CPU
		{4896E940-1B66-49D3-BBF3-9CB2EF6EB651}.Release|x86.Build.0 = Release|Any CPU
	EndGlobalSection
	GlobalSection(SolutionProperties) = preSolution
		HideSolutionNode = FALSE
	EndGlobalSection
EndGlobal
